// !$*UTF8*$!
{
	archiveVersion = 1;
	classes = {
	};
	objectVersion = 55;
	objects = {

/* Begin PBXBuildFile section */
		1C79BACF27CA008D00AF5DBA /* AppDelegate.swift in Sources */ = {isa = PBXBuildFile; fileRef = 1C79BACE27CA008D00AF5DBA /* AppDelegate.swift */; };
		1C79BAD127CA008D00AF5DBA /* SceneDelegate.swift in Sources */ = {isa = PBXBuildFile; fileRef = 1C79BAD027CA008D00AF5DBA /* SceneDelegate.swift */; };
		1C79BAD327CA008D00AF5DBA /* ViewController.swift in Sources */ = {isa = PBXBuildFile; fileRef = 1C79BAD227CA008D00AF5DBA /* ViewController.swift */; };
		1C79BAD627CA008D00AF5DBA /* Main.storyboard in Resources */ = {isa = PBXBuildFile; fileRef = 1C79BAD427CA008D00AF5DBA /* Main.storyboard */; };
		1C79BAD827CA009100AF5DBA /* Assets.xcassets in Resources */ = {isa = PBXBuildFile; fileRef = 1C79BAD727CA009100AF5DBA /* Assets.xcassets */; };
		1C79BADB27CA009100AF5DBA /* LaunchScreen.storyboard in Resources */ = {isa = PBXBuildFile; fileRef = 1C79BAD927CA009100AF5DBA /* LaunchScreen.storyboard */; };
		1C79BAE327CA02AA00AF5DBA /* Next.storyboard in Resources */ = {isa = PBXBuildFile; fileRef = 1C79BAE227CA02AA00AF5DBA /* Next.storyboard */; };
		1C79BAE527CA030A00AF5DBA /* NextViewController.swift in Sources */ = {isa = PBXBuildFile; fileRef = 1C79BAE427CA030A00AF5DBA /* NextViewController.swift */; };
		1C79BAE827CA04B700AF5DBA /* countModel.swift in Sources */ = {isa = PBXBuildFile; fileRef = 1C79BAE727CA04B600AF5DBA /* countModel.swift */; };
/* End PBXBuildFile section */

/* Begin PBXFileReference section */
		1C79BACB27CA008D00AF5DBA /* PracticePassValuesToTheNextScreen.app */ = {isa = PBXFileReference; explicitFileType = wrapper.application; includeInIndex = 0; path = PracticePassValuesToTheNextScreen.app; sourceTree = BUILT_PRODUCTS_DIR; };
		1C79BACE27CA008D00AF5DBA /* AppDelegate.swift */ = {isa = PBXFileReference; lastKnownFileType = sourcecode.swift; path = AppDelegate.swift; sourceTree = "<group>"; };
		1C79BAD027CA008D00AF5DBA /* SceneDelegate.swift */ = {isa = PBXFileReference; lastKnownFileType = sourcecode.swift; path = SceneDelegate.swift; sourceTree = "<group>"; };
		1C79BAD227CA008D00AF5DBA /* ViewController.swift */ = {isa = PBXFileReference; lastKnownFileType = sourcecode.swift; path = ViewController.swift; sourceTree = "<group>"; };
		1C79BAD527CA008D00AF5DBA /* Base */ = {isa = PBXFileReference; lastKnownFileType = file.storyboard; name = Base; path = Base.lproj/Main.storyboard; sourceTree = "<group>"; };
		1C79BAD727CA009100AF5DBA /* Assets.xcassets */ = {isa = PBXFileReference; lastKnownFileType = folder.assetcatalog; path = Assets.xcassets; sourceTree = "<group>"; };
		1C79BADA27CA009100AF5DBA /* Base */ = {isa = PBXFileReference; lastKnownFileType = file.storyboard; name = Base; path = Base.lproj/LaunchScreen.storyboard; sourceTree = "<group>"; };
		1C79BADC27CA009100AF5DBA /* Info.plist */ = {isa = PBXFileReference; lastKnownFileType = text.plist.xml; path = Info.plist; sourceTree = "<group>"; };
		1C79BAE227CA02AA00AF5DBA /* Next.storyboard */ = {isa = PBXFileReference; lastKnownFileType = file.storyboard; path = Next.storyboard; sourceTree = "<group>"; };
		1C79BAE427CA030A00AF5DBA /* NextViewController.swift */ = {isa = PBXFileReference; lastKnownFileType = sourcecode.swift; path = NextViewController.swift; sourceTree = "<group>"; };
		1C79BAE727CA04B600AF5DBA /* countModel.swift */ = {isa = PBXFileReference; lastKnownFileType = sourcecode.swift; path = countModel.swift; sourceTree = "<group>"; };
/* End PBXFileReference section */

/* Begin PBXFrameworksBuildPhase section */
		1C79BAC827CA008D00AF5DBA /* Frameworks */ = {
			isa = PBXFrameworksBuildPhase;
			buildActionMask = 2147483647;
			files = (
			);
			runOnlyForDeploymentPostprocessing = 0;
		};
/* End PBXFrameworksBuildPhase section */

/* Begin PBXGroup section */
		1C79BAC227CA008D00AF5DBA = {
			isa = PBXGroup;
			children = (
				1C79BACD27CA008D00AF5DBA /* PracticePassValuesToTheNextScreen */,
				1C79BACC27CA008D00AF5DBA /* Products */,
			);
			sourceTree = "<group>";
		};
		1C79BACC27CA008D00AF5DBA /* Products */ = {
			isa = PBXGroup;
			children = (
				1C79BACB27CA008D00AF5DBA /* PracticePassValuesToTheNextScreen.app */,
			);
			name = Products;
			sourceTree = "<group>";
		};
		1C79BACD27CA008D00AF5DBA /* PracticePassValuesToTheNextScreen */ = {
			isa = PBXGroup;
			children = (
				1C79BACE27CA008D00AF5DBA /* AppDelegate.swift */,
				1C79BAD027CA008D00AF5DBA /* SceneDelegate.swift */,
				1C79BAE727CA04B600AF5DBA /* countModel.swift */,
				1C79BAD227CA008D00AF5DBA /* ViewController.swift */,
				1C79BAD427CA008D00AF5DBA /* Main.storyboard */,
				1C79BAE427CA030A00AF5DBA /* NextViewController.swift */,
				1C79BAE227CA02AA00AF5DBA /* Next.storyboard */,
				1C79BAD727CA009100AF5DBA /* Assets.xcassets */,
				1C79BAD927CA009100AF5DBA /* LaunchScreen.storyboard */,
				1C79BADC27CA009100AF5DBA /* Info.plist */,
			);
			path = PracticePassValuesToTheNextScreen;
			sourceTree = "<group>";
		};
/* End PBXGroup section */

/* Begin PBXNativeTarget section */
		1C79BACA27CA008D00AF5DBA /* PracticePassValuesToTheNextScreen */ = {
			isa = PBXNativeTarget;
			buildConfigurationList = 1C79BADF27CA009100AF5DBA /* Build configuration list for PBXNativeTarget "PracticePassValuesToTheNextScreen" */;
			buildPhases = (
				1C79BAC727CA008D00AF5DBA /* Sources */,
				1C79BAC827CA008D00AF5DBA /* Frameworks */,
				1C79BAC927CA008D00AF5DBA /* Resources */,
				1C79BAE627CA045A00AF5DBA /* ShellScript */,
			);
			buildRules = (
			);
			dependencies = (
			);
			name = PracticePassValuesToTheNextScreen;
			productName = PracticePassValuesToTheNextScreen;
			productReference = 1C79BACB27CA008D00AF5DBA /* PracticePassValuesToTheNextScreen.app */;
			productType = "com.apple.product-type.application";
		};
/* End PBXNativeTarget section */

/* Begin PBXProject section */
		1C79BAC327CA008D00AF5DBA /* Project object */ = {
			isa = PBXProject;
			attributes = {
				BuildIndependentTargetsInParallel = 1;
				LastSwiftUpdateCheck = 1320;
				LastUpgradeCheck = 1320;
				TargetAttributes = {
					1C79BACA27CA008D00AF5DBA = {
						CreatedOnToolsVersion = 13.2.1;
					};
				};
			};
			buildConfigurationList = 1C79BAC627CA008D00AF5DBA /* Build configuration list for PBXProject "PracticePassValuesToTheNextScreen" */;
			compatibilityVersion = "Xcode 13.0";
			developmentRegion = en;
			hasScannedForEncodings = 0;
			knownRegions = (
				en,
				Base,
			);
			mainGroup = 1C79BAC227CA008D00AF5DBA;
			productRefGroup = 1C79BACC27CA008D00AF5DBA /* Products */;
			projectDirPath = "";
			projectRoot = "";
			targets = (
				1C79BACA27CA008D00AF5DBA /* PracticePassValuesToTheNextScreen */,
			);
		};
/* End PBXProject section */

/* Begin PBXResourcesBuildPhase section */
		1C79BAC927CA008D00AF5DBA /* Resources */ = {
			isa = PBXResourcesBuildPhase;
			buildActionMask = 2147483647;
			files = (
				1C79BADB27CA009100AF5DBA /* LaunchScreen.storyboard in Resources */,
				1C79BAE327CA02AA00AF5DBA /* Next.storyboard in Resources */,
				1C79BAD827CA009100AF5DBA /* Assets.xcassets in Resources */,
				1C79BAD627CA008D00AF5DBA /* Main.storyboard in Resources */,
			);
			runOnlyForDeploymentPostprocessing = 0;
		};
/* End PBXResourcesBuildPhase section */

/* Begin PBXShellScriptBuildPhase section */
		1C79BAE627CA045A00AF5DBA /* ShellScript */ = {
			isa = PBXShellScriptBuildPhase;
			buildActionMask = 2147483647;
			files = (
			);
			inputFileListPaths = (
			);
			inputPaths = (
			);
			outputFileListPaths = (
			);
			outputPaths = (
			);
			runOnlyForDeploymentPostprocessing = 0;
			shellPath = /bin/sh;
			shellScript = "export PATH=\"$PATH:/opt/homebrew/bin\"\n\nif which swiftlint >/dev/null; then\n  swiftlint\nelse\n  echo \"warning: SwiftLint not installed, download from https://github.com/realm/SwiftLint\"\nfi\n";
		};
/* End PBXShellScriptBuildPhase section */

/* Begin PBXSourcesBuildPhase section */
		1C79BAC727CA008D00AF5DBA /* Sources */ = {
			isa = PBXSourcesBuildPhase;
			buildActionMask = 2147483647;
			files = (
				1C79BAD327CA008D00AF5DBA /* ViewController.swift in Sources */,
				1C79BAE827CA04B700AF5DBA /* countModel.swift in Sources */,
				1C79BAE527CA030A00AF5DBA /* NextViewController.swift in Sources */,
				1C79BACF27CA008D00AF5DBA /* AppDelegate.swift in Sources */,
				1C79BAD127CA008D00AF5DBA /* SceneDelegate.swift in Sources */,
			);
			runOnlyForDeploymentPostprocessing = 0;
		};
/* End PBXSourcesBuildPhase section */

/* Begin PBXVariantGroup section */
		1C79BAD427CA008D00AF5DBA /* Main.storyboard */ = {
			isa = PBXVariantGroup;
			children = (
				1C79BAD527CA008D00AF5DBA /* Base */,
			);
			name = Main.storyboard;
			sourceTree = "<group>";
		};
		1C79BAD927CA009100AF5DBA /* LaunchScreen.storyboard */ = {
			isa = PBXVariantGroup;
			children = (
				1C79BADA27CA009100AF5DBA /* Base */,
			);
			name = LaunchScreen.storyboard;
			sourceTree = "<group>";
		};
/* End PBXVariantGroup section */

/* Begin XCBuildConfiguration section */
		1C79BADD27CA009100AF5DBA /* Debug */ = {
			isa = XCBuildConfiguration;
			buildSettings = {
				ALWAYS_SEARCH_USER_PATHS = NO;
				CLANG_ANALYZER_NONNULL = YES;
				CLANG_ANALYZER_NUMBER_OBJECT_CONVERSION = YES_AGGRESSIVE;
				CLANG_CXX_LANGUAGE_STANDARD = "gnu++17";
				CLANG_CXX_LIBRARY = "libc++";
				CLANG_ENABLE_MODULES = YES;
				CLANG_ENABLE_OBJC_ARC = YES;
				CLANG_ENABLE_OBJC_WEAK = YES;
				CLANG_WARN_BLOCK_CAPTURE_AUTORELEASING = YES;
				CLANG_WARN_BOOL_CONVERSION = YES;
				CLANG_WARN_COMMA = YES;
				CLANG_WARN_CONSTANT_CONVERSION = YES;
				CLANG_WARN_DEPRECATED_OBJC_IMPLEMENTATIONS = YES;
				CLANG_WARN_DIRECT_OBJC_ISA_USAGE = YES_ERROR;
				CLANG_WARN_DOCUMENTATION_COMMENTS = YES;
				CLANG_WARN_EMPTY_BODY = YES;
				CLANG_WARN_ENUM_CONVERSION = YES;
				CLANG_WARN_INFINITE_RECURSION = YES;
				CLANG_WARN_INT_CONVERSION = YES;
				CLANG_WARN_NON_LITERAL_NULL_CONVERSION = YES;
				CLANG_WARN_OBJC_IMPLICIT_RETAIN_SELF = YES;
				CLANG_WARN_OBJC_LITERAL_CONVERSION = YES;
				CLANG_WARN_OBJC_ROOT_CLASS = YES_ERROR;
				CLANG_WARN_QUOTED_INCLUDE_IN_FRAMEWORK_HEADER = YES;
				CLANG_WARN_RANGE_LOOP_ANALYSIS = YES;
				CLANG_WARN_STRICT_PROTOTYPES = YES;
				CLANG_WARN_SUSPICIOUS_MOVE = YES;
				CLANG_WARN_UNGUARDED_AVAILABILITY = YES_AGGRESSIVE;
				CLANG_WARN_UNREACHABLE_CODE = YES;
				CLANG_WARN__DUPLICATE_METHOD_MATCH = YES;
				COPY_PHASE_STRIP = NO;
				DEBUG_INFORMATION_FORMAT = dwarf;
				ENABLE_STRICT_OBJC_MSGSEND = YES;
				ENABLE_TESTABILITY = YES;
				GCC_C_LANGUAGE_STANDARD = gnu11;
				GCC_DYNAMIC_NO_PIC = NO;
				GCC_NO_COMMON_BLOCKS = YES;
				GCC_OPTIMIZATION_LEVEL = 0;
				GCC_PREPROCESSOR_DEFINITIONS = (
					"DEBUG=1",
					"$(inherited)",
				);
				GCC_WARN_64_TO_32_BIT_CONVERSION = YES;
				GCC_WARN_ABOUT_RETURN_TYPE = YES_ERROR;
				GCC_WARN_UNDECLARED_SELECTOR = YES;
				GCC_WARN_UNINITIALIZED_AUTOS = YES_AGGRESSIVE;
				GCC_WARN_UNUSED_FUNCTION = YES;
				GCC_WARN_UNUSED_VARIABLE = YES;
				IPHONEOS_DEPLOYMENT_TARGET = 15.2;
				MTL_ENABLE_DEBUG_INFO = INCLUDE_SOURCE;
				MTL_FAST_MATH = YES;
				ONLY_ACTIVE_ARCH = YES;
				SDKROOT = iphoneos;
				SWIFT_ACTIVE_COMPILATION_CONDITIONS = DEBUG;
				SWIFT_OPTIMIZATION_LEVEL = "-Onone";
			};
			name = Debug;
		};
		1C79BADE27CA009100AF5DBA /* Release */ = {
			isa = XCBuildConfiguration;
			buildSettings = {
				ALWAYS_SEARCH_USER_PATHS = NO;
				CLANG_ANALYZER_NONNULL = YES;
				CLANG_ANALYZER_NUMBER_OBJECT_CONVERSION = YES_AGGRESSIVE;
				CLANG_CXX_LANGUAGE_STANDARD = "gnu++17";
				CLANG_CXX_LIBRARY = "libc++";
				CLANG_ENABLE_MODULES = YES;
				CLANG_ENABLE_OBJC_ARC = YES;
				CLANG_ENABLE_OBJC_WEAK = YES;
				CLANG_WARN_BLOCK_CAPTURE_AUTORELEASING = YES;
				CLANG_WARN_BOOL_CONVERSION = YES;
				CLANG_WARN_COMMA = YES;
				CLANG_WARN_CONSTANT_CONVERSION = YES;
				CLANG_WARN_DEPRECATED_OBJC_IMPLEMENTATIONS = YES;
				CLANG_WARN_DIRECT_OBJC_ISA_USAGE = YES_ERROR;
				CLANG_WARN_DOCUMENTATION_COMMENTS = YES;
				CLANG_WARN_EMPTY_BODY = YES;
				CLANG_WARN_ENUM_CONVERSION = YES;
				CLANG_WARN_INFINITE_RECURSION = YES;
				CLANG_WARN_INT_CONVERSION = YES;
				CLANG_WARN_NON_LITERAL_NULL_CONVERSION = YES;
				CLANG_WARN_OBJC_IMPLICIT_RETAIN_SELF = YES;
				CLANG_WARN_OBJC_LITERAL_CONVERSION = YES;
				CLANG_WARN_OBJC_ROOT_CLASS = YES_ERROR;
				CLANG_WARN_QUOTED_INCLUDE_IN_FRAMEWORK_HEADER = YES;
				CLANG_WARN_RANGE_LOOP_ANALYSIS = YES;
				CLANG_WARN_STRICT_PROTOTYPES = YES;
				CLANG_WARN_SUSPICIOUS_MOVE = YES;
				CLANG_WARN_UNGUARDED_AVAILABILITY = YES_AGGRESSIVE;
				CLANG_WARN_UNREACHABLE_CODE = YES;
				CLANG_WARN__DUPLICATE_METHOD_MATCH = YES;
				COPY_PHASE_STRIP = NO;
				DEBUG_INFORMATION_FORMAT = "dwarf-with-dsym";
				ENABLE_NS_ASSERTIONS = NO;
				ENABLE_STRICT_OBJC_MSGSEND = YES;
				GCC_C_LANGUAGE_STANDARD = gnu11;
				GCC_NO_COMMON_BLOCKS = YES;
				GCC_WARN_64_TO_32_BIT_CONVERSION = YES;
				GCC_WARN_ABOUT_RETURN_TYPE = YES_ERROR;
				GCC_WARN_UNDECLARED_SELECTOR = YES;
				GCC_WARN_UNINITIALIZED_AUTOS = YES_AGGRESSIVE;
				GCC_WARN_UNUSED_FUNCTION = YES;
				GCC_WARN_UNUSED_VARIABLE = YES;
				IPHONEOS_DEPLOYMENT_TARGET = 15.2;
				MTL_ENABLE_DEBUG_INFO = NO;
				MTL_FAST_MATH = YES;
				SDKROOT = iphoneos;
				SWIFT_COMPILATION_MODE = wholemodule;
				SWIFT_OPTIMIZATION_LEVEL = "-O";
				VALIDATE_PRODUCT = YES;
			};
			name = Release;
		};
		1C79BAE027CA009100AF5DBA /* Debug */ = {
			isa = XCBuildConfiguration;
			buildSettings = {
				ASSETCATALOG_COMPILER_APPICON_NAME = AppIcon;
				ASSETCATALOG_COMPILER_GLOBAL_ACCENT_COLOR_NAME = AccentColor;
				CODE_SIGN_STYLE = Automatic;
				CURRENT_PROJECT_VERSION = 1;
				GENERATE_INFOPLIST_FILE = YES;
				INFOPLIST_FILE = PracticePassValuesToTheNextScreen/Info.plist;
				INFOPLIST_KEY_UIApplicationSupportsIndirectInputEvents = YES;
				INFOPLIST_KEY_UILaunchStoryboardName = LaunchScreen;
				INFOPLIST_KEY_UIMainStoryboardFile = Main;
				INFOPLIST_KEY_UISupportedInterfaceOrientations_iPad = "UIInterfaceOrientationPortrait UIInterfaceOrientationPortraitUpsideDown UIInterfaceOrientationLandscapeLeft UIInterfaceOrientationLandscapeRight";
				INFOPLIST_KEY_UISupportedInterfaceOrientations_iPhone = "UIInterfaceOrientationPortrait UIInterfaceOrientationLandscapeLeft UIInterfaceOrientationLandscapeRight";
				LD_RUNPATH_SEARCH_PATHS = (
					"$(inherited)",
					"@executable_path/Frameworks",
				);
				MARKETING_VERSION = 1.0;
				PRODUCT_BUNDLE_IDENTIFIER = com.otoufujohnny.PracticePassValuesToTheNextScreen;
				PRODUCT_NAME = "$(TARGET_NAME)";
				SWIFT_EMIT_LOC_STRINGS = YES;
				SWIFT_VERSION = 5.0;
				TARGETED_DEVICE_FAMILY = "1,2";
			};
			name = Debug;
		};
		1C79BAE127CA009100AF5DBA /* Release */ = {
			isa = XCBuildConfiguration;
			buildSettings = {
				ASSETCATALOG_COMPILER_APPICON_NAME = AppIcon;
				ASSETCATALOG_COMPILER_GLOBAL_ACCENT_COLOR_NAME = AccentColor;
				CODE_SIGN_STYLE = Automatic;
				CURRENT_PROJECT_VERSION = 1;
				GENERATE_INFOPLIST_FILE = YES;
				INFOPLIST_FILE = PracticePassValuesToTheNextScreen/Info.plist;
				INFOPLIST_KEY_UIApplicationSupportsIndirectInputEvents = YES;
				INFOPLIST_KEY_UILaunchStoryboardName = LaunchScreen;
				INFOPLIST_KEY_UIMainStoryboardFile = Main;
				INFOPLIST_KEY_UISupportedInterfaceOrientations_iPad = "UIInterfaceOrientationPortrait UIInterfaceOrientationPortraitUpsideDown UIInterfaceOrientationLandscapeLeft UIInterfaceOrientationLandscapeRight";
				INFOPLIST_KEY_UISupportedInterfaceOrientations_iPhone = "UIInterfaceOrientationPortrait UIInterfaceOrientationLandscapeLeft UIInterfaceOrientationLandscapeRight";
				LD_RUNPATH_SEARCH_PATHS = (
					"$(inherited)",
					"@executable_path/Frameworks",
				);
				MARKETING_VERSION = 1.0;
				PRODUCT_BUNDLE_IDENTIFIER = com.otoufujohnny.PracticePassValuesToTheNextScreen;
				PRODUCT_NAME = "$(TARGET_NAME)";
				SWIFT_EMIT_LOC_STRINGS = YES;
				SWIFT_VERSION = 5.0;
				TARGETED_DEVICE_FAMILY = "1,2";
			};
			name = Release;
		};
/* End XCBuildConfiguration section */

/* Begin XCConfigurationList section */
		1C79BAC627CA008D00AF5DBA /* Build configuration list for PBXProject "PracticePassValuesToTheNextScreen" */ = {
			isa = XCConfigurationList;
			buildConfigurations = (
				1C79BADD27CA009100AF5DBA /* Debug */,
				1C79BADE27CA009100AF5DBA /* Release */,
			);
			defaultConfigurationIsVisible = 0;
			defaultConfigurationName = Release;
		};
		1C79BADF27CA009100AF5DBA /* Build configuration list for PBXNativeTarget "PracticePassValuesToTheNextScreen" */ = {
			isa = XCConfigurationList;
			buildConfigurations = (
				1C79BAE027CA009100AF5DBA /* Debug */,
				1C79BAE127CA009100AF5DBA /* Release */,
			);
			defaultConfigurationIsVisible = 0;
			defaultConfigurationName = Release;
		};
/* End XCConfigurationList section */
	};
	rootObject = 1C79BAC327CA008D00AF5DBA /* Project object */;
}
